PODS:
  - PKHUD (5.0.0)
  - RainyRefreshControl (0.4.0)
  - TextFieldCounter (0.0.6)

DEPENDENCIES:
  - PKHUD
  - RainyRefreshControl
  - TextFieldCounter (from `https://github.com/serralvo/TextFieldCounter.git`, branch `master`)

EXTERNAL SOURCES:
  TextFieldCounter:
    :branch: master
    :git: https://github.com/serralvo/TextFieldCounter.git

CHECKOUT OPTIONS:
  TextFieldCounter:
    :commit: b1c781ec5d4b77b223147c1b04efc65381d4c7e5
    :git: https://github.com/serralvo/TextFieldCounter.git

SPEC CHECKSUMS:
  PKHUD: 3c001512c6e002091184197a8de7a20420786e3b
  RainyRefreshControl: de2236ad2f46d6cfb22bf029e0067b48cdcb2925
  TextFieldCounter: 3e01b495f7e90a398e914f6c6fcaca24efacefc7

PODFILE CHECKSUM: f8d5cf23545fe2bde7dd12fa63ab482318b25ce6

COCOAPODS: 1.3.1
