PODS:
  - Alamofire (4.6.0)
  - PKHUD (5.0.0)
  - RainyRefreshControl (0.4.0)
  - SDWebImage (4.3.0):
    - SDWebImage/Core (= 4.3.0)
  - SDWebImage/Core (4.3.0)
  - TextFieldCounter (0.0.6)

DEPENDENCIES:
  - Alamofire
  - PKHUD
  - RainyRefreshControl
  - SDWebImage
  - TextFieldCounter (from `https://github.com/serralvo/TextFieldCounter.git`, branch `master`)

EXTERNAL SOURCES:
  TextFieldCounter:
    :branch: master
    :git: https://github.com/serralvo/TextFieldCounter.git

CHECKOUT OPTIONS:
  TextFieldCounter:
    :commit: b1c781ec5d4b77b223147c1b04efc65381d4c7e5
    :git: https://github.com/serralvo/TextFieldCounter.git

SPEC CHECKSUMS:
  Alamofire: f41a599bd63041760b26d393ec1069d9d7b917f4
  PKHUD: 3c001512c6e002091184197a8de7a20420786e3b
  RainyRefreshControl: de2236ad2f46d6cfb22bf029e0067b48cdcb2925
  SDWebImage: 6da6c8bca115addc4de8613362e1b15f66333825
  TextFieldCounter: 3e01b495f7e90a398e914f6c6fcaca24efacefc7

PODFILE CHECKSUM: c0c34e73d07ee2c5e91916bc5760b5540ec55dc8

COCOAPODS: 1.4.0
